
Microsoft Visual Studio Solution File, Format Version 12.00
# Visual Studio 15
VisualStudioVersion = 15.0.28307.329
MinimumVisualStudioVersion = 10.0.40219.1
Project("{FAE04EC0-301F-11D3-BF4B-00C04F79EFBC}") = "XamarinTests.Android", "XamarinTests\XamarinTests.Android\XamarinTests.Android.csproj", "{984F3917-C76D-4273-8181-0D94C6B458CA}"
EndProject
Project("{FAE04EC0-301F-11D3-BF4B-00C04F79EFBC}") = "XamarinTests.iOS", "XamarinTests\XamarinTests.iOS\XamarinTests.iOS.csproj", "{8DC62CDF-2EE5-4A05-A115-9FD95D7BABC7}"
EndProject
Project("{9A19103F-16F7-4668-BE54-9A1E7A4F7556}") = "XamarinTests", "XamarinTests\XamarinTests\XamarinTests.csproj", "{9206A7AC-E468-47BB-A5EE-2E522BD217B1}"
EndProject
Global
	GlobalSection(SolutionConfigurationPlatforms) = preSolution
		Ad-Hoc|Any CPU = Ad-Hoc|Any CPU
		Ad-Hoc|iPhone = Ad-Hoc|iPhone
		Ad-Hoc|iPhoneSimulator = Ad-Hoc|iPhoneSimulator
		Ad-Hoc|x64 = Ad-Hoc|x64
		AppStore|Any CPU = AppStore|Any CPU
		AppStore|iPhone = AppStore|iPhone
		AppStore|iPhoneSimulator = AppStore|iPhoneSimulator
		AppStore|x64 = AppStore|x64
		Debug|Any CPU = Debug|Any CPU
		Debug|iPhone = Debug|iPhone
		Debug|iPhoneSimulator = Debug|iPhoneSimulator
		Debug|x64 = Debug|x64
		Release|Any CPU = Release|Any CPU
		Release|iPhone = Release|iPhone
		Release|iPhoneSimulator = Release|iPhoneSimulator
		Release|x64 = Release|x64
	EndGlobalSection
	GlobalSection(ProjectConfigurationPlatforms) = postSolution
		{984F3917-C76D-4273-8181-0D94C6B458CA}.Ad-Hoc|Any CPU.ActiveCfg = Release|Any CPU
		{984F3917-C76D-4273-8181-0D94C6B458CA}.Ad-Hoc|Any CPU.Build.0 = Release|Any CPU
		{984F3917-C76D-4273-8181-0D94C6B458CA}.Ad-Hoc|Any CPU.Deploy.0 = Release|Any CPU
		{984F3917-C76D-4273-8181-0D94C6B458CA}.Ad-Hoc|iPhone.ActiveCfg = Release|Any CPU
		{984F3917-C76D-4273-8181-0D94C6B458CA}.Ad-Hoc|iPhone.Build.0 = Release|Any CPU
		{984F3917-C76D-4273-8181-0D94C6B458CA}.Ad-Hoc|iPhone.Deploy.0 = Release|Any CPU
		{984F3917-C76D-4273-8181-0D94C6B458CA}.Ad-Hoc|iPhoneSimulator.ActiveCfg = Release|Any CPU
		{984F3917-C76D-4273-8181-0D94C6B458CA}.Ad-Hoc|iPhoneSimulator.Build.0 = Release|Any CPU
		{984F3917-C76D-4273-8181-0D94C6B458CA}.Ad-Hoc|iPhoneSimulator.Deploy.0 = Release|Any CPU
		{984F3917-C76D-4273-8181-0D94C6B458CA}.Ad-Hoc|x64.ActiveCfg = Release|x64
		{984F3917-C76D-4273-8181-0D94C6B458CA}.Ad-Hoc|x64.Build.0 = Release|x64
		{984F3917-C76D-4273-8181-0D94C6B458CA}.Ad-Hoc|x64.Deploy.0 = Release|x64
		{984F3917-C76D-4273-8181-0D94C6B458CA}.AppStore|Any CPU.ActiveCfg = Release|Any CPU
		{984F3917-C76D-4273-8181-0D94C6B458CA}.AppStore|Any CPU.Build.0 = Release|Any CPU
		{984F3917-C76D-4273-8181-0D94C6B458CA}.AppStore|Any CPU.Deploy.0 = Release|Any CPU
		{984F3917-C76D-4273-8181-0D94C6B458CA}.AppStore|iPhone.ActiveCfg = Release|Any CPU
		{984F3917-C76D-4273-8181-0D94C6B458CA}.AppStore|iPhone.Build.0 = Release|Any CPU
		{984F3917-C76D-4273-8181-0D94C6B458CA}.AppStore|iPhone.Deploy.0 = Release|Any CPU
		{984F3917-C76D-4273-8181-0D94C6B458CA}.AppStore|iPhoneSimulator.ActiveCfg = Release|Any CPU
		{984F3917-C76D-4273-8181-0D94C6B458CA}.AppStore|iPhoneSimulator.Build.0 = Release|Any CPU
		{984F3917-C76D-4273-8181-0D94C6B458CA}.AppStore|iPhoneSimulator.Deploy.0 = Release|Any CPU
		{984F3917-C76D-4273-8181-0D94C6B458CA}.AppStore|x64.ActiveCfg = Release|x64
		{984F3917-C76D-4273-8181-0D94C6B458CA}.AppStore|x64.Build.0 = Release|x64
		{984F3917-C76D-4273-8181-0D94C6B458CA}.AppStore|x64.Deploy.0 = Release|x64
		{984F3917-C76D-4273-8181-0D94C6B458CA}.Debug|Any CPU.ActiveCfg = Debug|Any CPU
		{984F3917-C76D-4273-8181-0D94C6B458CA}.Debug|Any CPU.Build.0 = Debug|Any CPU
		{984F3917-C76D-4273-8181-0D94C6B458CA}.Debug|Any CPU.Deploy.0 = Debug|Any CPU
		{984F3917-C76D-4273-8181-0D94C6B458CA}.Debug|iPhone.ActiveCfg = Debug|Any CPU
		{984F3917-C76D-4273-8181-0D94C6B458CA}.Debug|iPhone.Build.0 = Debug|Any CPU
		{984F3917-C76D-4273-8181-0D94C6B458CA}.Debug|iPhone.Deploy.0 = Debug|Any CPU
		{984F3917-C76D-4273-8181-0D94C6B458CA}.Debug|iPhoneSimulator.ActiveCfg = Debug|Any CPU
		{984F3917-C76D-4273-8181-0D94C6B458CA}.Debug|iPhoneSimulator.Build.0 = Debug|Any CPU
		{984F3917-C76D-4273-8181-0D94C6B458CA}.Debug|iPhoneSimulator.Deploy.0 = Debug|Any CPU
		{984F3917-C76D-4273-8181-0D94C6B458CA}.Debug|x64.ActiveCfg = Debug|x64
		{984F3917-C76D-4273-8181-0D94C6B458CA}.Debug|x64.Build.0 = Debug|x64
		{984F3917-C76D-4273-8181-0D94C6B458CA}.Debug|x64.Deploy.0 = Debug|x64
		{984F3917-C76D-4273-8181-0D94C6B458CA}.Release|Any CPU.ActiveCfg = Release|Any CPU
		{984F3917-C76D-4273-8181-0D94C6B458CA}.Release|Any CPU.Build.0 = Release|Any CPU
		{984F3917-C76D-4273-8181-0D94C6B458CA}.Release|Any CPU.Deploy.0 = Release|Any CPU
		{984F3917-C76D-4273-8181-0D94C6B458CA}.Release|iPhone.ActiveCfg = Release|Any CPU
		{984F3917-C76D-4273-8181-0D94C6B458CA}.Release|iPhone.Build.0 = Release|Any CPU
		{984F3917-C76D-4273-8181-0D94C6B458CA}.Release|iPhone.Deploy.0 = Release|Any CPU
		{984F3917-C76D-4273-8181-0D94C6B458CA}.Release|iPhoneSimulator.ActiveCfg = Release|Any CPU
		{984F3917-C76D-4273-8181-0D94C6B458CA}.Release|iPhoneSimulator.Build.0 = Release|Any CPU
		{984F3917-C76D-4273-8181-0D94C6B458CA}.Release|iPhoneSimulator.Deploy.0 = Release|Any CPU
		{984F3917-C76D-4273-8181-0D94C6B458CA}.Release|x64.ActiveCfg = Release|x64
		{984F3917-C76D-4273-8181-0D94C6B458CA}.Release|x64.Build.0 = Release|x64
		{984F3917-C76D-4273-8181-0D94C6B458CA}.Release|x64.Deploy.0 = Release|x64
		{8DC62CDF-2EE5-4A05-A115-9FD95D7BABC7}.Ad-Hoc|Any CPU.ActiveCfg = Ad-Hoc|iPhone
		{8DC62CDF-2EE5-4A05-A115-9FD95D7BABC7}.Ad-Hoc|Any CPU.Build.0 = Ad-Hoc|iPhone
		{8DC62CDF-2EE5-4A05-A115-9FD95D7BABC7}.Ad-Hoc|Any CPU.Deploy.0 = Ad-Hoc|iPhone
		{8DC62CDF-2EE5-4A05-A115-9FD95D7BABC7}.Ad-Hoc|iPhone.ActiveCfg = Ad-Hoc|iPhone
		{8DC62CDF-2EE5-4A05-A115-9FD95D7BABC7}.Ad-Hoc|iPhone.Build.0 = Ad-Hoc|iPhone
		{8DC62CDF-2EE5-4A05-A115-9FD95D7BABC7}.Ad-Hoc|iPhone.Deploy.0 = Ad-Hoc|iPhone
		{8DC62CDF-2EE5-4A05-A115-9FD95D7BABC7}.Ad-Hoc|iPhoneSimulator.ActiveCfg = Ad-Hoc|iPhoneSimulator
		{8DC62CDF-2EE5-4A05-A115-9FD95D7BABC7}.Ad-Hoc|iPhoneSimulator.Build.0 = Ad-Hoc|iPhoneSimulator
		{8DC62CDF-2EE5-4A05-A115-9FD95D7BABC7}.Ad-Hoc|iPhoneSimulator.Deploy.0 = Ad-Hoc|iPhoneSimulator
		{8DC62CDF-2EE5-4A05-A115-9FD95D7BABC7}.Ad-Hoc|x64.ActiveCfg = Ad-Hoc|iPhoneSimulator
		{8DC62CDF-2EE5-4A05-A115-9FD95D7BABC7}.AppStore|Any CPU.ActiveCfg = AppStore|iPhone
		{8DC62CDF-2EE5-4A05-A115-9FD95D7BABC7}.AppStore|Any CPU.Build.0 = AppStore|iPhone
		{8DC62CDF-2EE5-4A05-A115-9FD95D7BABC7}.AppStore|Any CPU.Deploy.0 = AppStore|iPhone
		{8DC62CDF-2EE5-4A05-A115-9FD95D7BABC7}.AppStore|iPhone.ActiveCfg = AppStore|iPhone
		{8DC62CDF-2EE5-4A05-A115-9FD95D7BABC7}.AppStore|iPhone.Build.0 = AppStore|iPhone
		{8DC62CDF-2EE5-4A05-A115-9FD95D7BABC7}.AppStore|iPhone.Deploy.0 = AppStore|iPhone
		{8DC62CDF-2EE5-4A05-A115-9FD95D7BABC7}.AppStore|iPhoneSimulator.ActiveCfg = AppStore|iPhoneSimulator
		{8DC62CDF-2EE5-4A05-A115-9FD95D7BABC7}.AppStore|iPhoneSimulator.Build.0 = AppStore|iPhoneSimulator
		{8DC62CDF-2EE5-4A05-A115-9FD95D7BABC7}.AppStore|iPhoneSimulator.Deploy.0 = AppStore|iPhoneSimulator
		{8DC62CDF-2EE5-4A05-A115-9FD95D7BABC7}.AppStore|x64.ActiveCfg = AppStore|iPhoneSimulator
		{8DC62CDF-2EE5-4A05-A115-9FD95D7BABC7}.Debug|Any CPU.ActiveCfg = Debug|iPhoneSimulator
		{8DC62CDF-2EE5-4A05-A115-9FD95D7BABC7}.Debug|Any CPU.Build.0 = Debug|iPhoneSimulator
		{8DC62CDF-2EE5-4A05-A115-9FD95D7BABC7}.Debug|Any CPU.Deploy.0 = Debug|iPhoneSimulator
		{8DC62CDF-2EE5-4A05-A115-9FD95D7BABC7}.Debug|iPhone.ActiveCfg = Debug|iPhone
		{8DC62CDF-2EE5-4A05-A115-9FD95D7BABC7}.Debug|iPhone.Build.0 = Debug|iPhone
		{8DC62CDF-2EE5-4A05-A115-9FD95D7BABC7}.Debug|iPhone.Deploy.0 = Debug|iPhone
		{8DC62CDF-2EE5-4A05-A115-9FD95D7BABC7}.Debug|iPhoneSimulator.ActiveCfg = Debug|iPhoneSimulator
		{8DC62CDF-2EE5-4A05-A115-9FD95D7BABC7}.Debug|iPhoneSimulator.Build.0 = Debug|iPhoneSimulator
		{8DC62CDF-2EE5-4A05-A115-9FD95D7BABC7}.Debug|iPhoneSimulator.Deploy.0 = Debug|iPhoneSimulator
		{8DC62CDF-2EE5-4A05-A115-9FD95D7BABC7}.Debug|x64.ActiveCfg = Debug|iPhone
		{8DC62CDF-2EE5-4A05-A115-9FD95D7BABC7}.Release|Any CPU.ActiveCfg = Release|iPhone
		{8DC62CDF-2EE5-4A05-A115-9FD95D7BABC7}.Release|Any CPU.Build.0 = Release|iPhone
		{8DC62CDF-2EE5-4A05-A115-9FD95D7BABC7}.Release|Any CPU.Deploy.0 = Release|iPhone
		{8DC62CDF-2EE5-4A05-A115-9FD95D7BABC7}.Release|iPhone.ActiveCfg = Release|iPhone
		{8DC62CDF-2EE5-4A05-A115-9FD95D7BABC7}.Release|iPhone.Build.0 = Release|iPhone
		{8DC62CDF-2EE5-4A05-A115-9FD95D7BABC7}.Release|iPhone.Deploy.0 = Release|iPhone
		{8DC62CDF-2EE5-4A05-A115-9FD95D7BABC7}.Release|iPhoneSimulator.ActiveCfg = Release|iPhoneSimulator
		{8DC62CDF-2EE5-4A05-A115-9FD95D7BABC7}.Release|iPhoneSimulator.Build.0 = Release|iPhoneSimulator
		{8DC62CDF-2EE5-4A05-A115-9FD95D7BABC7}.Release|iPhoneSimulator.Deploy.0 = Release|iPhoneSimulator
		{8DC62CDF-2EE5-4A05-A115-9FD95D7BABC7}.Release|x64.ActiveCfg = Release|iPhoneSimulator
		{9206A7AC-E468-47BB-A5EE-2E522BD217B1}.Ad-Hoc|Any CPU.ActiveCfg = Debug|Any CPU
		{9206A7AC-E468-47BB-A5EE-2E522BD217B1}.Ad-Hoc|Any CPU.Build.0 = Debug|Any CPU
		{9206A7AC-E468-47BB-A5EE-2E522BD217B1}.Ad-Hoc|Any CPU.Deploy.0 = Debug|Any CPU
		{9206A7AC-E468-47BB-A5EE-2E522BD217B1}.Ad-Hoc|iPhone.ActiveCfg = Debug|Any CPU
		{9206A7AC-E468-47BB-A5EE-2E522BD217B1}.Ad-Hoc|iPhone.Build.0 = Debug|Any CPU
		{9206A7AC-E468-47BB-A5EE-2E522BD217B1}.Ad-Hoc|iPhone.Deploy.0 = Debug|Any CPU
		{9206A7AC-E468-47BB-A5EE-2E522BD217B1}.Ad-Hoc|iPhoneSimulator.ActiveCfg = Debug|Any CPU
		{9206A7AC-E468-47BB-A5EE-2E522BD217B1}.Ad-Hoc|iPhoneSimulator.Build.0 = Debug|Any CPU
		{9206A7AC-E468-47BB-A5EE-2E522BD217B1}.Ad-Hoc|iPhoneSimulator.Deploy.0 = Debug|Any CPU
		{9206A7AC-E468-47BB-A5EE-2E522BD217B1}.Ad-Hoc|x64.ActiveCfg = Release|Any CPU
		{9206A7AC-E468-47BB-A5EE-2E522BD217B1}.Ad-Hoc|x64.Build.0 = Release|Any CPU
		{9206A7AC-E468-47BB-A5EE-2E522BD217B1}.AppStore|Any CPU.ActiveCfg = Debug|Any CPU
		{9206A7AC-E468-47BB-A5EE-2E522BD217B1}.AppStore|Any CPU.Build.0 = Debug|Any CPU
		{9206A7AC-E468-47BB-A5EE-2E522BD217B1}.AppStore|Any CPU.Deploy.0 = Debug|Any CPU
		{9206A7AC-E468-47BB-A5EE-2E522BD217B1}.AppStore|iPhone.ActiveCfg = Debug|Any CPU
		{9206A7AC-E468-47BB-A5EE-2E522BD217B1}.AppStore|iPhone.Build.0 = Debug|Any CPU
		{9206A7AC-E468-47BB-A5EE-2E522BD217B1}.AppStore|iPhone.Deploy.0 = Debug|Any CPU
		{9206A7AC-E468-47BB-A5EE-2E522BD217B1}.AppStore|iPhoneSimulator.ActiveCfg = Debug|Any CPU
		{9206A7AC-E468-47BB-A5EE-2E522BD217B1}.AppStore|iPhoneSimulator.Build.0 = Debug|Any CPU
		{9206A7AC-E468-47BB-A5EE-2E522BD217B1}.AppStore|iPhoneSimulator.Deploy.0 = Debug|Any CPU
		{9206A7AC-E468-47BB-A5EE-2E522BD217B1}.AppStore|x64.ActiveCfg = Release|Any CPU
		{9206A7AC-E468-47BB-A5EE-2E522BD217B1}.AppStore|x64.Build.0 = Release|Any CPU
		{9206A7AC-E468-47BB-A5EE-2E522BD217B1}.Debug|Any CPU.ActiveCfg = Debug|Any CPU
		{9206A7AC-E468-47BB-A5EE-2E522BD217B1}.Debug|Any CPU.Build.0 = Debug|Any CPU
		{9206A7AC-E468-47BB-A5EE-2E522BD217B1}.Debug|Any CPU.Deploy.0 = Debug|Any CPU
		{9206A7AC-E468-47BB-A5EE-2E522BD217B1}.Debug|iPhone.ActiveCfg = Debug|Any CPU
		{9206A7AC-E468-47BB-A5EE-2E522BD217B1}.Debug|iPhone.Build.0 = Debug|Any CPU
		{9206A7AC-E468-47BB-A5EE-2E522BD217B1}.Debug|iPhone.Deploy.0 = Debug|Any CPU
		{9206A7AC-E468-47BB-A5EE-2E522BD217B1}.Debug|iPhoneSimulator.ActiveCfg = Debug|Any CPU
		{9206A7AC-E468-47BB-A5EE-2E522BD217B1}.Debug|iPhoneSimulator.Build.0 = Debug|Any CPU
		{9206A7AC-E468-47BB-A5EE-2E522BD217B1}.Debug|iPhoneSimulator.Deploy.0 = Debug|Any CPU
		{9206A7AC-E468-47BB-A5EE-2E522BD217B1}.Debug|x64.ActiveCfg = Debug|Any CPU
		{9206A7AC-E468-47BB-A5EE-2E522BD217B1}.Debug|x64.Build.0 = Debug|Any CPU
		{9206A7AC-E468-47BB-A5EE-2E522BD217B1}.Release|Any CPU.ActiveCfg = Release|Any CPU
		{9206A7AC-E468-47BB-A5EE-2E522BD217B1}.Release|Any CPU.Build.0 = Release|Any CPU
		{9206A7AC-E468-47BB-A5EE-2E522BD217B1}.Release|Any CPU.Deploy.0 = Release|Any CPU
		{9206A7AC-E468-47BB-A5EE-2E522BD217B1}.Release|iPhone.ActiveCfg = Release|Any CPU
		{9206A7AC-E468-47BB-A5EE-2E522BD217B1}.Release|iPhone.Build.0 = Release|Any CPU
		{9206A7AC-E468-47BB-A5EE-2E522BD217B1}.Release|iPhone.Deploy.0 = Release|Any CPU
		{9206A7AC-E468-47BB-A5EE-2E522BD217B1}.Release|iPhoneSimulator.ActiveCfg = Release|Any CPU
		{9206A7AC-E468-47BB-A5EE-2E522BD217B1}.Release|iPhoneSimulator.Build.0 = Release|Any CPU
		{9206A7AC-E468-47BB-A5EE-2E522BD217B1}.Release|iPhoneSimulator.Deploy.0 = Release|Any CPU
		{9206A7AC-E468-47BB-A5EE-2E522BD217B1}.Release|x64.ActiveCfg = Release|Any CPU
		{9206A7AC-E468-47BB-A5EE-2E522BD217B1}.Release|x64.Build.0 = Release|Any CPU
	EndGlobalSection
	GlobalSection(SolutionProperties) = preSolution
		HideSolutionNode = FALSE
	EndGlobalSection
	GlobalSection(ExtensibilityGlobals) = postSolution
		SolutionGuid = {56C8020B-9486-4064-AB91-1696CCE30E1B}
	EndGlobalSection
EndGlobal
